// !$*UTF8*$!
{
	archiveVersion = 1;
	classes = {
	};
	objectVersion = 46;
	objects = {

/* Begin PBXBuildFile section */
		2C0D3C591B0C49BD000DB255 /* NCDummyPlatform.h in Headers */ = {isa = PBXBuildFile; fileRef = 2C0D3C571B0C49BD000DB255 /* NCDummyPlatform.h */; settings = {ATTRIBUTES = (Public, ); }; };
		2C0D3C5A1B0C49BD000DB255 /* NCDummyPlatform.m in Sources */ = {isa = PBXBuildFile; fileRef = 2C0D3C581B0C49BD000DB255 /* NCDummyPlatform.m */; };
		2C0D3C5D1B0C4B03000DB255 /* NCDummyRendition.h in Headers */ = {isa = PBXBuildFile; fileRef = 2C0D3C5B1B0C4B03000DB255 /* NCDummyRendition.h */; settings = {ATTRIBUTES = (Public, ); }; };
		2C0D3C5E1B0C4B03000DB255 /* NCDummyRendition.m in Sources */ = {isa = PBXBuildFile; fileRef = 2C0D3C5C1B0C4B03000DB255 /* NCDummyRendition.m */; };
		2C1466B01AAF4E6900778FB6 /* NCString.h in Headers */ = {isa = PBXBuildFile; fileRef = 2C1466A81AAF4E6900778FB6 /* NCString.h */; settings = {ATTRIBUTES = (Public, ); }; };
		2C1466B11AAF4E6900778FB6 /* NCString.mm in Sources */ = {isa = PBXBuildFile; fileRef = 2C1466A91AAF4E6900778FB6 /* NCString.mm */; };
		2C1466B41AAF513800778FB6 /* NCRendition.h in Headers */ = {isa = PBXBuildFile; fileRef = 2C1466B21AAF513800778FB6 /* NCRendition.h */; settings = {ATTRIBUTES = (Public, ); }; };
		2C1466B51AAF513800778FB6 /* NCRendition.m in Sources */ = {isa = PBXBuildFile; fileRef = 2C1466B31AAF513800778FB6 /* NCRendition.m */; };
		2C1466BB1AAF53B000778FB6 /* NCMatrix.h in Headers */ = {isa = PBXBuildFile; fileRef = 2C1466B91AAF53B000778FB6 /* NCMatrix.h */; };
		2C1466BC1AAF53B000778FB6 /* NCMatrix.m in Sources */ = {isa = PBXBuildFile; fileRef = 2C1466BA1AAF53B000778FB6 /* NCMatrix.m */; };
		2C1623981B0B99350094C250 /* NCCanvas.h in CopyFiles */ = {isa = PBXBuildFile; fileRef = 2CC147F61AC4670F00079172 /* NCCanvas.h */; };
		2C16239A1B0B99350094C250 /* NCBorderDecorator.h in CopyFiles */ = {isa = PBXBuildFile; fileRef = 2CC147FA1AC4670F00079172 /* NCBorderDecorator.h */; };
		2C16239B1B0B99350094C250 /* NCBorderDottedStrategy.h in CopyFiles */ = {isa = PBXBuildFile; fileRef = 2CC147FC1AC4670F00079172 /* NCBorderDottedStrategy.h */; };
		2C16239C1B0B99350094C250 /* NCBorderFilledStrategy.h in CopyFiles */ = {isa = PBXBuildFile; fileRef = 2CC147FE1AC4670F00079172 /* NCBorderFilledStrategy.h */; };
		2C16239D1B0B99350094C250 /* NCBorderStrategy.h in CopyFiles */ = {isa = PBXBuildFile; fileRef = 2CC148001AC4670F00079172 /* NCBorderStrategy.h */; };
		2C16239E1B0B99350094C250 /* NCDecorator.h in CopyFiles */ = {isa = PBXBuildFile; fileRef = 2CC148021AC4670F00079172 /* NCDecorator.h */; };
		2C16239F1B0B99350094C250 /* NCScrollBarSimpleStrategy.h in CopyFiles */ = {isa = PBXBuildFile; fileRef = 2CC148051AC4670F00079172 /* NCScrollBarSimpleStrategy.h */; };
		2C1623A01B0B99350094C250 /* NCScrollBarStrategy.h in CopyFiles */ = {isa = PBXBuildFile; fileRef = 2CC148071AC4670F00079172 /* NCScrollBarStrategy.h */; };
		2C1623A11B0B99350094C250 /* NCScrollDecorator.h in CopyFiles */ = {isa = PBXBuildFile; fileRef = 2CC148091AC4670F00079172 /* NCScrollDecorator.h */; };
		2C1623A21B0B99350094C250 /* NCText.h in CopyFiles */ = {isa = PBXBuildFile; fileRef = 2CC1480D1AC4670F00079172 /* NCText.h */; };
		2C1623A31B0B99350094C250 /* NCGraphic.h in CopyFiles */ = {isa = PBXBuildFile; fileRef = 2CC1480F1AC4670F00079172 /* NCGraphic.h */; };
		2C1623A41B0B99350094C250 /* NCCursesPlatform.h in CopyFiles */ = {isa = PBXBuildFile; fileRef = 2CC147EB1AC4664000079172 /* NCCursesPlatform.h */; };
		2C1623A51B0B99350094C250 /* NCPlatform.h in CopyFiles */ = {isa = PBXBuildFile; fileRef = 2CC147ED1AC4664000079172 /* NCPlatform.h */; };
		2C1623A61B0B99350094C250 /* NCMatrix.h in CopyFiles */ = {isa = PBXBuildFile; fileRef = 2C1466B91AAF53B000778FB6 /* NCMatrix.h */; };
		2C1623A71B0B99450094C250 /* NCString.h in CopyFiles */ = {isa = PBXBuildFile; fileRef = 2C1466A81AAF4E6900778FB6 /* NCString.h */; };
		2C1623A81B0B99450094C250 /* NCColor.h in CopyFiles */ = {isa = PBXBuildFile; fileRef = 2CD61B891A924CDA00ED0BF1 /* NCColor.h */; };
		2C1623A91B0B99450094C250 /* NCKey.h in CopyFiles */ = {isa = PBXBuildFile; fileRef = 2CD61B8E1A924CDA00ED0BF1 /* NCKey.h */; };
		2C1623AB1B0B99450094C250 /* NCRendition.h in CopyFiles */ = {isa = PBXBuildFile; fileRef = 2C1466B21AAF513800778FB6 /* NCRendition.h */; };
		2C1623AC1B0B99450094C250 /* NCCursesRendition.h in CopyFiles */ = {isa = PBXBuildFile; fileRef = 2CB180B81AB1F68000731445 /* NCCursesRendition.h */; };
		2C1623AD1B0B99460094C250 /* Logger.h in CopyFiles */ = {isa = PBXBuildFile; fileRef = 2CD61B9A1A924CDA00ED0BF1 /* Logger.h */; };
		2C2B3A0E1B16201500A7F48B /* NCMutableString.h in Headers */ = {isa = PBXBuildFile; fileRef = 2C2B3A0C1B16201500A7F48B /* NCMutableString.h */; settings = {ATTRIBUTES = (Public, ); }; };
		2C2B3A0F1B16201500A7F48B /* NCMutableString.mm in Sources */ = {isa = PBXBuildFile; fileRef = 2C2B3A0D1B16201500A7F48B /* NCMutableString.mm */; };
		2C2B3A111B1620C100A7F48B /* NCString_Protected.hh in Headers */ = {isa = PBXBuildFile; fileRef = 2C2B3A101B1620C100A7F48B /* NCString_Protected.hh */; };
		2C2B3A131B16235E00A7F48B /* NCText_Protected.h in Headers */ = {isa = PBXBuildFile; fileRef = 2C2B3A121B16235E00A7F48B /* NCText_Protected.h */; };
		2C38065B1B0CEA8200488860 /* NCDummyPlatform.h in CopyFiles */ = {isa = PBXBuildFile; fileRef = 2C0D3C571B0C49BD000DB255 /* NCDummyPlatform.h */; };
		2C38065C1B0CEA8200488860 /* NCDummyRendition.h in CopyFiles */ = {isa = PBXBuildFile; fileRef = 2C0D3C5B1B0C4B03000DB255 /* NCDummyRendition.h */; };
		2C392C321B1584D200E6B2ED /* NCTextEdit.h in Headers */ = {isa = PBXBuildFile; fileRef = 2C392C301B1584D200E6B2ED /* NCTextEdit.h */; settings = {ATTRIBUTES = (Public, ); }; };
		2C392C391B158AA200E6B2ED /* NCLinearLayout.h in Headers */ = {isa = PBXBuildFile; fileRef = 2C392C361B158AA200E6B2ED /* NCLinearLayout.h */; settings = {ATTRIBUTES = (Public, ); }; };
		2C392C3A1B158AA200E6B2ED /* NCLinearLayout.m in Sources */ = {isa = PBXBuildFile; fileRef = 2C392C371B158AA200E6B2ED /* NCLinearLayout.m */; };
		2C392C3D1B158AB100E6B2ED /* NCRelativeLayout.h in Headers */ = {isa = PBXBuildFile; fileRef = 2C392C3B1B158AB100E6B2ED /* NCRelativeLayout.h */; settings = {ATTRIBUTES = (Public, ); }; };
		2C392C3E1B158AB100E6B2ED /* NCRelativeLayout.m in Sources */ = {isa = PBXBuildFile; fileRef = 2C392C3C1B158AB100E6B2ED /* NCRelativeLayout.m */; };
		2C392C3F1B158B8C00E6B2ED /* NCLinearLayout.h in CopyFiles */ = {isa = PBXBuildFile; fileRef = 2C392C361B158AA200E6B2ED /* NCLinearLayout.h */; };
		2C392C401B158B8C00E6B2ED /* NCRelativeLayout.h in CopyFiles */ = {isa = PBXBuildFile; fileRef = 2C392C3B1B158AB100E6B2ED /* NCRelativeLayout.h */; };
		2C3BB61D1B13790C00BEEB5B /* NCSpacer.h in Headers */ = {isa = PBXBuildFile; fileRef = 2C3BB61B1B13790C00BEEB5B /* NCSpacer.h */; settings = {ATTRIBUTES = (Public, ); }; };
		2C3BB61E1B13790C00BEEB5B /* NCSpacer.m in Sources */ = {isa = PBXBuildFile; fileRef = 2C3BB61C1B13790C00BEEB5B /* NCSpacer.m */; };
		2C3BB61F1B137B2E00BEEB5B /* NCSpacer.h in CopyFiles */ = {isa = PBXBuildFile; fileRef = 2C3BB61B1B13790C00BEEB5B /* NCSpacer.h */; };
		2C52280D1B20A53500360C36 /* BKAsciiConverter.h in Headers */ = {isa = PBXBuildFile; fileRef = 2C5228041B20A53500360C36 /* BKAsciiConverter.h */; };
		2C52280E1B20A53500360C36 /* BKAsciiConverter.m in Sources */ = {isa = PBXBuildFile; fileRef = 2C5228051B20A53500360C36 /* BKAsciiConverter.m */; };
		2C52280F1B20A53500360C36 /* BKAsciiConverter_Internal.h in Headers */ = {isa = PBXBuildFile; fileRef = 2C5228061B20A53500360C36 /* BKAsciiConverter_Internal.h */; };
		2C5228101B20A53500360C36 /* BKAsciiConverter_Internal.m in Sources */ = {isa = PBXBuildFile; fileRef = 2C5228071B20A53500360C36 /* BKAsciiConverter_Internal.m */; };
		2C5228111B20A53500360C36 /* BKAsciiDefinition.h in Headers */ = {isa = PBXBuildFile; fileRef = 2C5228081B20A53500360C36 /* BKAsciiDefinition.h */; };
		2C5228121B20A53500360C36 /* BKAsciiDefinition.m in Sources */ = {isa = PBXBuildFile; fileRef = 2C5228091B20A53500360C36 /* BKAsciiDefinition.m */; };
		2C5228131B20A53500360C36 /* NSImage+BKAscii.h in Headers */ = {isa = PBXBuildFile; fileRef = 2C52280B1B20A53500360C36 /* NSImage+BKAscii.h */; };
		2C5228141B20A53500360C36 /* NSImage+BKAscii.m in Sources */ = {isa = PBXBuildFile; fileRef = 2C52280C1B20A53500360C36 /* NSImage+BKAscii.m */; };
		2C5228181B20AA9100360C36 /* NCImage.h in Headers */ = {isa = PBXBuildFile; fileRef = 2C5228161B20AA9100360C36 /* NCImage.h */; };
		2C5228191B20AA9100360C36 /* NCImage.mm in Sources */ = {isa = PBXBuildFile; fileRef = 2C5228171B20AA9100360C36 /* NCImage.mm */; };
		2C52281D1B20B0B100360C36 /* NSColor+Distance.h in Headers */ = {isa = PBXBuildFile; fileRef = 2C52281B1B20B0B100360C36 /* NSColor+Distance.h */; };
		2C52281E1B20B0B100360C36 /* NSColor+Distance.m in Sources */ = {isa = PBXBuildFile; fileRef = 2C52281C1B20B0B100360C36 /* NSColor+Distance.m */; };
		2C52A45F1B0F869C002AA4EE /* NCGraphic+Bounds.h in Headers */ = {isa = PBXBuildFile; fileRef = 2C52A45D1B0F869C002AA4EE /* NCGraphic+Bounds.h */; };
		2C52A4601B0F869C002AA4EE /* NCGraphic+Bounds.m in Sources */ = {isa = PBXBuildFile; fileRef = 2C52A45E1B0F869C002AA4EE /* NCGraphic+Bounds.m */; };
		2C54A0A51B0E337F00F81144 /* NCLayoutParser.h in Headers */ = {isa = PBXBuildFile; fileRef = 2C54A0A01B0E337F00F81144 /* NCLayoutParser.h */; };
		2C54A0A61B0E337F00F81144 /* NCLayoutParser.m in Sources */ = {isa = PBXBuildFile; fileRef = 2C54A0A11B0E337F00F81144 /* NCLayoutParser.m */; };
		2C54A0A71B0E337F00F81144 /* NCXMLLayoutParser.h in Headers */ = {isa = PBXBuildFile; fileRef = 2C54A0A31B0E337F00F81144 /* NCXMLLayoutParser.h */; };
		2C54A0A81B0E337F00F81144 /* NCXMLLayoutParser.m in Sources */ = {isa = PBXBuildFile; fileRef = 2C54A0A41B0E337F00F81144 /* NCXMLLayoutParser.m */; };
		2C54A0AC1B0E35C900F81144 /* NCLayoutInflator.h in Headers */ = {isa = PBXBuildFile; fileRef = 2C54A0AA1B0E35C900F81144 /* NCLayoutInflator.h */; settings = {ATTRIBUTES = (Public, ); }; };
		2C54A0AD1B0E35C900F81144 /* NCLayoutInflator.m in Sources */ = {isa = PBXBuildFile; fileRef = 2C54A0AB1B0E35C900F81144 /* NCLayoutInflator.m */; };
		2C54A0AE1B0E387400F81144 /* NCLayoutInflator.h in CopyFiles */ = {isa = PBXBuildFile; fileRef = 2C54A0AA1B0E35C900F81144 /* NCLayoutInflator.h */; };
		2C54A0B21B0E654D00F81144 /* NCEvaluate.h in Headers */ = {isa = PBXBuildFile; fileRef = 2C54A0B01B0E654D00F81144 /* NCEvaluate.h */; settings = {ATTRIBUTES = (Public, ); }; };
		2C54A0B31B0E654D00F81144 /* NCEvaluate.m in Sources */ = {isa = PBXBuildFile; fileRef = 2C54A0B11B0E654D00F81144 /* NCEvaluate.m */; };
		2C54A0B61B0E684B00F81144 /* NCTokenizer.h in Headers */ = {isa = PBXBuildFile; fileRef = 2C54A0B41B0E684B00F81144 /* NCTokenizer.h */; };
		2C54A0B71B0E684B00F81144 /* NCTokenizer.m in Sources */ = {isa = PBXBuildFile; fileRef = 2C54A0B51B0E684B00F81144 /* NCTokenizer.m */; };
		2C54A0BA1B0E689700F81144 /* NCToken.h in Headers */ = {isa = PBXBuildFile; fileRef = 2C54A0B81B0E689700F81144 /* NCToken.h */; };
		2C54A0BB1B0E689700F81144 /* NCToken.m in Sources */ = {isa = PBXBuildFile; fileRef = 2C54A0B91B0E689700F81144 /* NCToken.m */; };
		2C54A0BE1B0E68AE00F81144 /* NCSignToken.h in Headers */ = {isa = PBXBuildFile; fileRef = 2C54A0BC1B0E68AE00F81144 /* NCSignToken.h */; };
		2C54A0BF1B0E68AE00F81144 /* NCSignToken.m in Sources */ = {isa = PBXBuildFile; fileRef = 2C54A0BD1B0E68AE00F81144 /* NCSignToken.m */; };
		2C54A0C21B0E68BF00F81144 /* NCNumberToken.h in Headers */ = {isa = PBXBuildFile; fileRef = 2C54A0C01B0E68BF00F81144 /* NCNumberToken.h */; };
		2C54A0C31B0E68BF00F81144 /* NCNumberToken.m in Sources */ = {isa = PBXBuildFile; fileRef = 2C54A0C11B0E68BF00F81144 /* NCNumberToken.m */; };
		2C54A0C61B0E68CF00F81144 /* NCWordToken.h in Headers */ = {isa = PBXBuildFile; fileRef = 2C54A0C41B0E68CF00F81144 /* NCWordToken.h */; };
		2C54A0C71B0E68CF00F81144 /* NCWordToken.m in Sources */ = {isa = PBXBuildFile; fileRef = 2C54A0C51B0E68CF00F81144 /* NCWordToken.m */; };
		2C54A0CA1B0E6D3C00F81144 /* NCSource.h in Headers */ = {isa = PBXBuildFile; fileRef = 2C54A0C81B0E6D3C00F81144 /* NCSource.h */; };
		2C54A0CB1B0E6D3C00F81144 /* NCSource.m in Sources */ = {isa = PBXBuildFile; fileRef = 2C54A0C91B0E6D3C00F81144 /* NCSource.m */; };
		2C560C471B0EF0EF00112EBB /* NCEvaluate.h in CopyFiles */ = {isa = PBXBuildFile; fileRef = 2C54A0B01B0E654D00F81144 /* NCEvaluate.h */; };
		2C560C4A1B0EF28900112EBB /* NCExpression.h in Headers */ = {isa = PBXBuildFile; fileRef = 2C560C481B0EF28900112EBB /* NCExpression.h */; };
		2C560C4B1B0EF28900112EBB /* NCExpression.m in Sources */ = {isa = PBXBuildFile; fileRef = 2C560C491B0EF28900112EBB /* NCExpression.m */; };
		2C68829E1B1E04E5005FC461 /* NCTextEdit.m in Sources */ = {isa = PBXBuildFile; fileRef = 2C392C311B1584D200E6B2ED /* NCTextEdit.m */; };
		2C68829F1B1E04F1005FC461 /* NCTextEdit.h in CopyFiles */ = {isa = PBXBuildFile; fileRef = 2C392C301B1584D200E6B2ED /* NCTextEdit.h */; };
		2C6882A01B1E0508005FC461 /* NCMutableString.h in CopyFiles */ = {isa = PBXBuildFile; fileRef = 2C2B3A0C1B16201500A7F48B /* NCMutableString.h */; };
		2CB180BA1AB1F68000731445 /* NCCursesRendition.h in Headers */ = {isa = PBXBuildFile; fileRef = 2CB180B81AB1F68000731445 /* NCCursesRendition.h */; settings = {ATTRIBUTES = (Public, ); }; };
		2CB180BB1AB1F68000731445 /* NCCursesRendition.m in Sources */ = {isa = PBXBuildFile; fileRef = 2CB180B91AB1F68000731445 /* NCCursesRendition.m */; };
		2CB4BD901A76A60500E21116 /* libNCursesFramework.dylib in Frameworks */ = {isa = PBXBuildFile; fileRef = 2CB4BD841A76A60500E21116 /* libNCursesFramework.dylib */; };
		2CC147EF1AC4664000079172 /* NCCursesPlatform.h in Headers */ = {isa = PBXBuildFile; fileRef = 2CC147EB1AC4664000079172 /* NCCursesPlatform.h */; settings = {ATTRIBUTES = (Public, ); }; };
		2CC147F01AC4664000079172 /* NCCursesPlatform.m in Sources */ = {isa = PBXBuildFile; fileRef = 2CC147EC1AC4664000079172 /* NCCursesPlatform.m */; };
		2CC147F11AC4664000079172 /* NCPlatform.h in Headers */ = {isa = PBXBuildFile; fileRef = 2CC147ED1AC4664000079172 /* NCPlatform.h */; settings = {ATTRIBUTES = (Public, ); }; };
		2CC147F21AC4664000079172 /* NCPlatform.m in Sources */ = {isa = PBXBuildFile; fileRef = 2CC147EE1AC4664000079172 /* NCPlatform.m */; };
		2CC148111AC4670F00079172 /* NCCanvas.h in Headers */ = {isa = PBXBuildFile; fileRef = 2CC147F61AC4670F00079172 /* NCCanvas.h */; settings = {ATTRIBUTES = (Public, ); }; };
		2CC148121AC4670F00079172 /* NCCanvas.m in Sources */ = {isa = PBXBuildFile; fileRef = 2CC147F71AC4670F00079172 /* NCCanvas.m */; };
		2CC148131AC4670F00079172 /* NCBorderDecorator.h in Headers */ = {isa = PBXBuildFile; fileRef = 2CC147FA1AC4670F00079172 /* NCBorderDecorator.h */; settings = {ATTRIBUTES = (Public, ); }; };
		2CC148141AC4670F00079172 /* NCBorderDecorator.m in Sources */ = {isa = PBXBuildFile; fileRef = 2CC147FB1AC4670F00079172 /* NCBorderDecorator.m */; };
		2CC148151AC4670F00079172 /* NCBorderDottedStrategy.h in Headers */ = {isa = PBXBuildFile; fileRef = 2CC147FC1AC4670F00079172 /* NCBorderDottedStrategy.h */; settings = {ATTRIBUTES = (Public, ); }; };
		2CC148161AC4670F00079172 /* NCBorderDottedStrategy.m in Sources */ = {isa = PBXBuildFile; fileRef = 2CC147FD1AC4670F00079172 /* NCBorderDottedStrategy.m */; };
		2CC148171AC4670F00079172 /* NCBorderFilledStrategy.h in Headers */ = {isa = PBXBuildFile; fileRef = 2CC147FE1AC4670F00079172 /* NCBorderFilledStrategy.h */; settings = {ATTRIBUTES = (Public, ); }; };
		2CC148181AC4670F00079172 /* NCBorderFilledStrategy.m in Sources */ = {isa = PBXBuildFile; fileRef = 2CC147FF1AC4670F00079172 /* NCBorderFilledStrategy.m */; };
		2CC148191AC4670F00079172 /* NCBorderStrategy.h in Headers */ = {isa = PBXBuildFile; fileRef = 2CC148001AC4670F00079172 /* NCBorderStrategy.h */; settings = {ATTRIBUTES = (Public, ); }; };
		2CC1481A1AC4670F00079172 /* NCBorderStrategy.m in Sources */ = {isa = PBXBuildFile; fileRef = 2CC148011AC4670F00079172 /* NCBorderStrategy.m */; };
		2CC1481B1AC4670F00079172 /* NCDecorator.h in Headers */ = {isa = PBXBuildFile; fileRef = 2CC148021AC4670F00079172 /* NCDecorator.h */; settings = {ATTRIBUTES = (Public, ); }; };
		2CC1481C1AC4670F00079172 /* NCDecorator.m in Sources */ = {isa = PBXBuildFile; fileRef = 2CC148031AC4670F00079172 /* NCDecorator.m */; };
		2CC1481D1AC4670F00079172 /* NCScrollBarSimpleStrategy.h in Headers */ = {isa = PBXBuildFile; fileRef = 2CC148051AC4670F00079172 /* NCScrollBarSimpleStrategy.h */; settings = {ATTRIBUTES = (Public, ); }; };
		2CC1481E1AC4670F00079172 /* NCScrollBarSimpleStrategy.m in Sources */ = {isa = PBXBuildFile; fileRef = 2CC148061AC4670F00079172 /* NCScrollBarSimpleStrategy.m */; };
		2CC1481F1AC4670F00079172 /* NCScrollBarStrategy.h in Headers */ = {isa = PBXBuildFile; fileRef = 2CC148071AC4670F00079172 /* NCScrollBarStrategy.h */; settings = {ATTRIBUTES = (Public, ); }; };
		2CC148201AC4670F00079172 /* NCScrollBarStrategy.m in Sources */ = {isa = PBXBuildFile; fileRef = 2CC148081AC4670F00079172 /* NCScrollBarStrategy.m */; };
		2CC148211AC4670F00079172 /* NCScrollDecorator.h in Headers */ = {isa = PBXBuildFile; fileRef = 2CC148091AC4670F00079172 /* NCScrollDecorator.h */; settings = {ATTRIBUTES = (Public, ); }; };
		2CC148221AC4670F00079172 /* NCScrollDecorator.m in Sources */ = {isa = PBXBuildFile; fileRef = 2CC1480A1AC4670F00079172 /* NCScrollDecorator.m */; };
		2CC148231AC4670F00079172 /* NCText.h in Headers */ = {isa = PBXBuildFile; fileRef = 2CC1480D1AC4670F00079172 /* NCText.h */; settings = {ATTRIBUTES = (Public, ); }; };
		2CC148241AC4670F00079172 /* NCText.m in Sources */ = {isa = PBXBuildFile; fileRef = 2CC1480E1AC4670F00079172 /* NCText.m */; };
		2CC148251AC4670F00079172 /* NCGraphic.h in Headers */ = {isa = PBXBuildFile; fileRef = 2CC1480F1AC4670F00079172 /* NCGraphic.h */; settings = {ATTRIBUTES = (Public, ); }; };
		2CC148261AC4670F00079172 /* NCGraphic.m in Sources */ = {isa = PBXBuildFile; fileRef = 2CC148101AC4670F00079172 /* NCGraphic.m */; };
		2CC8840F1B201AEA00ADC465 /* NCursesFramework.h in CopyFiles */ = {isa = PBXBuildFile; fileRef = 2CC8840E1B201A0F00ADC465 /* NCursesFramework.h */; };
		2CC884101B201B2100ADC465 /* NCursesFramework.h in Headers */ = {isa = PBXBuildFile; fileRef = 2CC8840E1B201A0F00ADC465 /* NCursesFramework.h */; settings = {ATTRIBUTES = (Public, ); }; };
		2CD61BAD1A924CDA00ED0BF1 /* NCColor.h in Headers */ = {isa = PBXBuildFile; fileRef = 2CD61B891A924CDA00ED0BF1 /* NCColor.h */; settings = {ATTRIBUTES = (Public, ); }; };
		2CD61BAE1A924CDA00ED0BF1 /* NCColor.m in Sources */ = {isa = PBXBuildFile; fileRef = 2CD61B8A1A924CDA00ED0BF1 /* NCColor.m */; };
		2CD61BB11A924CDA00ED0BF1 /* NCKey.h in Headers */ = {isa = PBXBuildFile; fileRef = 2CD61B8E1A924CDA00ED0BF1 /* NCKey.h */; settings = {ATTRIBUTES = (Public, ); }; };
		2CD61BB21A924CDA00ED0BF1 /* NCKey.m in Sources */ = {isa = PBXBuildFile; fileRef = 2CD61B8F1A924CDA00ED0BF1 /* NCKey.m */; };
		2CD61BB91A924CDA00ED0BF1 /* Logger.h in Headers */ = {isa = PBXBuildFile; fileRef = 2CD61B9A1A924CDA00ED0BF1 /* Logger.h */; settings = {ATTRIBUTES = (Public, ); }; };
		2CD61BBA1A924CDA00ED0BF1 /* Logger.m in Sources */ = {isa = PBXBuildFile; fileRef = 2CD61B9B1A924CDA00ED0BF1 /* Logger.m */; };
/* End PBXBuildFile section */

/* Begin PBXContainerItemProxy section */
		2CB4BD911A76A60500E21116 /* PBXContainerItemProxy */ = {
			isa = PBXContainerItemProxy;
			containerPortal = 2CB4BD7C1A76A60500E21116 /* Project object */;
			proxyType = 1;
			remoteGlobalIDString = 2CB4BD831A76A60500E21116;
			remoteInfo = NCursesF;
		};
/* End PBXContainerItemProxy section */

/* Begin PBXCopyFilesBuildPhase section */
		2CB4BDBF1A76A6E200E21116 /* CopyFiles */ = {
			isa = PBXCopyFilesBuildPhase;
			buildActionMask = 2147483647;
			dstPath = NCursesFramework;
			dstSubfolderSpec = 6;
			files = (
				2CC8840F1B201AEA00ADC465 /* NCursesFramework.h in CopyFiles */,
				2C6882A01B1E0508005FC461 /* NCMutableString.h in CopyFiles */,
				2C68829F1B1E04F1005FC461 /* NCTextEdit.h in CopyFiles */,
				2C392C3F1B158B8C00E6B2ED /* NCLinearLayout.h in CopyFiles */,
				2C392C401B158B8C00E6B2ED /* NCRelativeLayout.h in CopyFiles */,
				2C3BB61F1B137B2E00BEEB5B /* NCSpacer.h in CopyFiles */,
				2C560C471B0EF0EF00112EBB /* NCEvaluate.h in CopyFiles */,
				2C54A0AE1B0E387400F81144 /* NCLayoutInflator.h in CopyFiles */,
				2C38065B1B0CEA8200488860 /* NCDummyPlatform.h in CopyFiles */,
				2C38065C1B0CEA8200488860 /* NCDummyRendition.h in CopyFiles */,
				2C1623A71B0B99450094C250 /* NCString.h in CopyFiles */,
				2C1623A81B0B99450094C250 /* NCColor.h in CopyFiles */,
				2C1623A91B0B99450094C250 /* NCKey.h in CopyFiles */,
				2C1623AB1B0B99450094C250 /* NCRendition.h in CopyFiles */,
				2C1623AC1B0B99450094C250 /* NCCursesRendition.h in CopyFiles */,
				2C1623AD1B0B99460094C250 /* Logger.h in CopyFiles */,
				2C1623981B0B99350094C250 /* NCCanvas.h in CopyFiles */,
				2C16239A1B0B99350094C250 /* NCBorderDecorator.h in CopyFiles */,
				2C16239B1B0B99350094C250 /* NCBorderDottedStrategy.h in CopyFiles */,
				2C16239C1B0B99350094C250 /* NCBorderFilledStrategy.h in CopyFiles */,
				2C16239D1B0B99350094C250 /* NCBorderStrategy.h in CopyFiles */,
				2C16239E1B0B99350094C250 /* NCDecorator.h in CopyFiles */,
				2C16239F1B0B99350094C250 /* NCScrollBarSimpleStrategy.h in CopyFiles */,
				2C1623A01B0B99350094C250 /* NCScrollBarStrategy.h in CopyFiles */,
				2C1623A11B0B99350094C250 /* NCScrollDecorator.h in CopyFiles */,
				2C1623A21B0B99350094C250 /* NCText.h in CopyFiles */,
				2C1623A31B0B99350094C250 /* NCGraphic.h in CopyFiles */,
				2C1623A41B0B99350094C250 /* NCCursesPlatform.h in CopyFiles */,
				2C1623A51B0B99350094C250 /* NCPlatform.h in CopyFiles */,
				2C1623A61B0B99350094C250 /* NCMatrix.h in CopyFiles */,
			);
			runOnlyForDeploymentPostprocessing = 0;
		};
/* End PBXCopyFilesBuildPhase section */

/* Begin PBXFileReference section */
		2C0D3C571B0C49BD000DB255 /* NCDummyPlatform.h */ = {isa = PBXFileReference; fileEncoding = 4; lastKnownFileType = sourcecode.c.h; path = NCDummyPlatform.h; sourceTree = "<group>"; };
		2C0D3C581B0C49BD000DB255 /* NCDummyPlatform.m */ = {isa = PBXFileReference; fileEncoding = 4; lastKnownFileType = sourcecode.c.objc; path = NCDummyPlatform.m; sourceTree = "<group>"; };
		2C0D3C5B1B0C4B03000DB255 /* NCDummyRendition.h */ = {isa = PBXFileReference; fileEncoding = 4; lastKnownFileType = sourcecode.c.h; path = NCDummyRendition.h; sourceTree = "<group>"; };
		2C0D3C5C1B0C4B03000DB255 /* NCDummyRendition.m */ = {isa = PBXFileReference; fileEncoding = 4; lastKnownFileType = sourcecode.c.objc; path = NCDummyRendition.m; sourceTree = "<group>"; };
		2C1466A81AAF4E6900778FB6 /* NCString.h */ = {isa = PBXFileReference; explicitFileType = sourcecode.cpp.h; fileEncoding = 4; path = NCString.h; sourceTree = "<group>"; };
		2C1466A91AAF4E6900778FB6 /* NCString.mm */ = {isa = PBXFileReference; fileEncoding = 4; lastKnownFileType = sourcecode.cpp.objcpp; path = NCString.mm; sourceTree = "<group>"; };
		2C1466B21AAF513800778FB6 /* NCRendition.h */ = {isa = PBXFileReference; fileEncoding = 4; lastKnownFileType = sourcecode.c.h; path = NCRendition.h; sourceTree = "<group>"; };
		2C1466B31AAF513800778FB6 /* NCRendition.m */ = {isa = PBXFileReference; fileEncoding = 4; lastKnownFileType = sourcecode.c.objc; path = NCRendition.m; sourceTree = "<group>"; };
		2C1466B91AAF53B000778FB6 /* NCMatrix.h */ = {isa = PBXFileReference; fileEncoding = 4; lastKnownFileType = sourcecode.c.h; path = NCMatrix.h; sourceTree = "<group>"; };
		2C1466BA1AAF53B000778FB6 /* NCMatrix.m */ = {isa = PBXFileReference; fileEncoding = 4; lastKnownFileType = sourcecode.c.objc; path = NCMatrix.m; sourceTree = "<group>"; };
		2C2B3A0C1B16201500A7F48B /* NCMutableString.h */ = {isa = PBXFileReference; fileEncoding = 4; lastKnownFileType = sourcecode.c.h; path = NCMutableString.h; sourceTree = "<group>"; };
		2C2B3A0D1B16201500A7F48B /* NCMutableString.mm */ = {isa = PBXFileReference; fileEncoding = 4; lastKnownFileType = sourcecode.cpp.objcpp; path = NCMutableString.mm; sourceTree = "<group>"; };
		2C2B3A101B1620C100A7F48B /* NCString_Protected.hh */ = {isa = PBXFileReference; fileEncoding = 4; lastKnownFileType = sourcecode.cpp.h; path = NCString_Protected.hh; sourceTree = "<group>"; };
		2C2B3A121B16235E00A7F48B /* NCText_Protected.h */ = {isa = PBXFileReference; fileEncoding = 4; lastKnownFileType = sourcecode.c.h; path = NCText_Protected.h; sourceTree = "<group>"; };
		2C392C301B1584D200E6B2ED /* NCTextEdit.h */ = {isa = PBXFileReference; fileEncoding = 4; lastKnownFileType = sourcecode.c.h; path = NCTextEdit.h; sourceTree = "<group>"; };
		2C392C311B1584D200E6B2ED /* NCTextEdit.m */ = {isa = PBXFileReference; fileEncoding = 4; lastKnownFileType = sourcecode.c.objc; path = NCTextEdit.m; sourceTree = "<group>"; };
		2C392C361B158AA200E6B2ED /* NCLinearLayout.h */ = {isa = PBXFileReference; fileEncoding = 4; lastKnownFileType = sourcecode.c.h; path = NCLinearLayout.h; sourceTree = "<group>"; };
		2C392C371B158AA200E6B2ED /* NCLinearLayout.m */ = {isa = PBXFileReference; fileEncoding = 4; lastKnownFileType = sourcecode.c.objc; path = NCLinearLayout.m; sourceTree = "<group>"; };
		2C392C3B1B158AB100E6B2ED /* NCRelativeLayout.h */ = {isa = PBXFileReference; fileEncoding = 4; lastKnownFileType = sourcecode.c.h; path = NCRelativeLayout.h; sourceTree = "<group>"; };
		2C392C3C1B158AB100E6B2ED /* NCRelativeLayout.m */ = {isa = PBXFileReference; fileEncoding = 4; lastKnownFileType = sourcecode.c.objc; path = NCRelativeLayout.m; sourceTree = "<group>"; };
		2C3BB61B1B13790C00BEEB5B /* NCSpacer.h */ = {isa = PBXFileReference; fileEncoding = 4; lastKnownFileType = sourcecode.c.h; path = NCSpacer.h; sourceTree = "<group>"; };
		2C3BB61C1B13790C00BEEB5B /* NCSpacer.m */ = {isa = PBXFileReference; fileEncoding = 4; lastKnownFileType = sourcecode.c.objc; path = NCSpacer.m; sourceTree = "<group>"; };
		2C5228041B20A53500360C36 /* BKAsciiConverter.h */ = {isa = PBXFileReference; fileEncoding = 4; lastKnownFileType = sourcecode.c.h; path = BKAsciiConverter.h; sourceTree = "<group>"; };
		2C5228051B20A53500360C36 /* BKAsciiConverter.m */ = {isa = PBXFileReference; fileEncoding = 4; lastKnownFileType = sourcecode.c.objc; path = BKAsciiConverter.m; sourceTree = "<group>"; };
		2C5228061B20A53500360C36 /* BKAsciiConverter_Internal.h */ = {isa = PBXFileReference; fileEncoding = 4; lastKnownFileType = sourcecode.c.h; path = BKAsciiConverter_Internal.h; sourceTree = "<group>"; };
		2C5228071B20A53500360C36 /* BKAsciiConverter_Internal.m */ = {isa = PBXFileReference; fileEncoding = 4; lastKnownFileType = sourcecode.c.objc; path = BKAsciiConverter_Internal.m; sourceTree = "<group>"; };
		2C5228081B20A53500360C36 /* BKAsciiDefinition.h */ = {isa = PBXFileReference; fileEncoding = 4; lastKnownFileType = sourcecode.c.h; path = BKAsciiDefinition.h; sourceTree = "<group>"; };
		2C5228091B20A53500360C36 /* BKAsciiDefinition.m */ = {isa = PBXFileReference; fileEncoding = 4; lastKnownFileType = sourcecode.c.objc; path = BKAsciiDefinition.m; sourceTree = "<group>"; };
		2C52280B1B20A53500360C36 /* NSImage+BKAscii.h */ = {isa = PBXFileReference; fileEncoding = 4; lastKnownFileType = sourcecode.c.h; path = "NSImage+BKAscii.h"; sourceTree = "<group>"; };
		2C52280C1B20A53500360C36 /* NSImage+BKAscii.m */ = {isa = PBXFileReference; fileEncoding = 4; lastKnownFileType = sourcecode.c.objc; path = "NSImage+BKAscii.m"; sourceTree = "<group>"; };
		2C5228161B20AA9100360C36 /* NCImage.h */ = {isa = PBXFileReference; fileEncoding = 4; lastKnownFileType = sourcecode.c.h; path = NCImage.h; sourceTree = "<group>"; };
		2C5228171B20AA9100360C36 /* NCImage.mm */ = {isa = PBXFileReference; fileEncoding = 4; lastKnownFileType = sourcecode.cpp.objcpp; path = NCImage.mm; sourceTree = "<group>"; };
		2C52281B1B20B0B100360C36 /* NSColor+Distance.h */ = {isa = PBXFileReference; fileEncoding = 4; lastKnownFileType = sourcecode.c.h; path = "NSColor+Distance.h"; sourceTree = "<group>"; };
		2C52281C1B20B0B100360C36 /* NSColor+Distance.m */ = {isa = PBXFileReference; fileEncoding = 4; lastKnownFileType = sourcecode.c.objc; path = "NSColor+Distance.m"; sourceTree = "<group>"; };
		2C52A45D1B0F869C002AA4EE /* NCGraphic+Bounds.h */ = {isa = PBXFileReference; fileEncoding = 4; lastKnownFileType = sourcecode.c.h; path = "NCGraphic+Bounds.h"; sourceTree = "<group>"; };
		2C52A45E1B0F869C002AA4EE /* NCGraphic+Bounds.m */ = {isa = PBXFileReference; fileEncoding = 4; lastKnownFileType = sourcecode.c.objc; path = "NCGraphic+Bounds.m"; sourceTree = "<group>"; };
		2C54A0A01B0E337F00F81144 /* NCLayoutParser.h */ = {isa = PBXFileReference; fileEncoding = 4; lastKnownFileType = sourcecode.c.h; path = NCLayoutParser.h; sourceTree = "<group>"; };
		2C54A0A11B0E337F00F81144 /* NCLayoutParser.m */ = {isa = PBXFileReference; fileEncoding = 4; lastKnownFileType = sourcecode.c.objc; path = NCLayoutParser.m; sourceTree = "<group>"; };
		2C54A0A31B0E337F00F81144 /* NCXMLLayoutParser.h */ = {isa = PBXFileReference; fileEncoding = 4; lastKnownFileType = sourcecode.c.h; path = NCXMLLayoutParser.h; sourceTree = "<group>"; };
		2C54A0A41B0E337F00F81144 /* NCXMLLayoutParser.m */ = {isa = PBXFileReference; fileEncoding = 4; lastKnownFileType = sourcecode.c.objc; path = NCXMLLayoutParser.m; sourceTree = "<group>"; };
		2C54A0AA1B0E35C900F81144 /* NCLayoutInflator.h */ = {isa = PBXFileReference; fileEncoding = 4; lastKnownFileType = sourcecode.c.h; path = NCLayoutInflator.h; sourceTree = "<group>"; };
		2C54A0AB1B0E35C900F81144 /* NCLayoutInflator.m */ = {isa = PBXFileReference; fileEncoding = 4; lastKnownFileType = sourcecode.c.objc; path = NCLayoutInflator.m; sourceTree = "<group>"; };
		2C54A0B01B0E654D00F81144 /* NCEvaluate.h */ = {isa = PBXFileReference; fileEncoding = 4; lastKnownFileType = sourcecode.c.h; path = NCEvaluate.h; sourceTree = "<group>"; };
		2C54A0B11B0E654D00F81144 /* NCEvaluate.m */ = {isa = PBXFileReference; fileEncoding = 4; lastKnownFileType = sourcecode.c.objc; path = NCEvaluate.m; sourceTree = "<group>"; };
		2C54A0B41B0E684B00F81144 /* NCTokenizer.h */ = {isa = PBXFileReference; fileEncoding = 4; lastKnownFileType = sourcecode.c.h; path = NCTokenizer.h; sourceTree = "<group>"; };
		2C54A0B51B0E684B00F81144 /* NCTokenizer.m */ = {isa = PBXFileReference; fileEncoding = 4; lastKnownFileType = sourcecode.c.objc; path = NCTokenizer.m; sourceTree = "<group>"; };
		2C54A0B81B0E689700F81144 /* NCToken.h */ = {isa = PBXFileReference; fileEncoding = 4; lastKnownFileType = sourcecode.c.h; path = NCToken.h; sourceTree = "<group>"; };
		2C54A0B91B0E689700F81144 /* NCToken.m */ = {isa = PBXFileReference; fileEncoding = 4; lastKnownFileType = sourcecode.c.objc; path = NCToken.m; sourceTree = "<group>"; };
		2C54A0BC1B0E68AE00F81144 /* NCSignToken.h */ = {isa = PBXFileReference; fileEncoding = 4; lastKnownFileType = sourcecode.c.h; path = NCSignToken.h; sourceTree = "<group>"; };
		2C54A0BD1B0E68AE00F81144 /* NCSignToken.m */ = {isa = PBXFileReference; fileEncoding = 4; lastKnownFileType = sourcecode.c.objc; path = NCSignToken.m; sourceTree = "<group>"; };
		2C54A0C01B0E68BF00F81144 /* NCNumberToken.h */ = {isa = PBXFileReference; fileEncoding = 4; lastKnownFileType = sourcecode.c.h; path = NCNumberToken.h; sourceTree = "<group>"; };
		2C54A0C11B0E68BF00F81144 /* NCNumberToken.m */ = {isa = PBXFileReference; fileEncoding = 4; lastKnownFileType = sourcecode.c.objc; path = NCNumberToken.m; sourceTree = "<group>"; };
		2C54A0C41B0E68CF00F81144 /* NCWordToken.h */ = {isa = PBXFileReference; fileEncoding = 4; lastKnownFileType = sourcecode.c.h; path = NCWordToken.h; sourceTree = "<group>"; };
		2C54A0C51B0E68CF00F81144 /* NCWordToken.m */ = {isa = PBXFileReference; fileEncoding = 4; lastKnownFileType = sourcecode.c.objc; path = NCWordToken.m; sourceTree = "<group>"; };
		2C54A0C81B0E6D3C00F81144 /* NCSource.h */ = {isa = PBXFileReference; fileEncoding = 4; lastKnownFileType = sourcecode.c.h; path = NCSource.h; sourceTree = "<group>"; };
		2C54A0C91B0E6D3C00F81144 /* NCSource.m */ = {isa = PBXFileReference; fileEncoding = 4; lastKnownFileType = sourcecode.c.objc; path = NCSource.m; sourceTree = "<group>"; };
		2C560C481B0EF28900112EBB /* NCExpression.h */ = {isa = PBXFileReference; fileEncoding = 4; lastKnownFileType = sourcecode.c.h; path = NCExpression.h; sourceTree = "<group>"; };
		2C560C491B0EF28900112EBB /* NCExpression.m */ = {isa = PBXFileReference; fileEncoding = 4; lastKnownFileType = sourcecode.c.objc; path = NCExpression.m; sourceTree = "<group>"; };
		2CB180B81AB1F68000731445 /* NCCursesRendition.h */ = {isa = PBXFileReference; fileEncoding = 4; lastKnownFileType = sourcecode.c.h; path = NCCursesRendition.h; sourceTree = "<group>"; };
		2CB180B91AB1F68000731445 /* NCCursesRendition.m */ = {isa = PBXFileReference; fileEncoding = 4; lastKnownFileType = sourcecode.c.objc; path = NCCursesRendition.m; sourceTree = "<group>"; };
		2CB4BD841A76A60500E21116 /* libNCursesFramework.dylib */ = {isa = PBXFileReference; explicitFileType = "compiled.mach-o.dylib"; includeInIndex = 0; path = libNCursesFramework.dylib; sourceTree = BUILT_PRODUCTS_DIR; };
		2CB4BD8F1A76A60500E21116 /* NCursesFrameworkTests.xctest */ = {isa = PBXFileReference; explicitFileType = wrapper.cfbundle; includeInIndex = 0; path = NCursesFrameworkTests.xctest; sourceTree = BUILT_PRODUCTS_DIR; };
		2CB4BD951A76A60500E21116 /* Info.plist */ = {isa = PBXFileReference; lastKnownFileType = text.plist.xml; path = Info.plist; sourceTree = "<group>"; };
		2CC147EB1AC4664000079172 /* NCCursesPlatform.h */ = {isa = PBXFileReference; fileEncoding = 4; lastKnownFileType = sourcecode.c.h; path = NCCursesPlatform.h; sourceTree = "<group>"; };
		2CC147EC1AC4664000079172 /* NCCursesPlatform.m */ = {isa = PBXFileReference; fileEncoding = 4; lastKnownFileType = sourcecode.c.objc; path = NCCursesPlatform.m; sourceTree = "<group>"; };
		2CC147ED1AC4664000079172 /* NCPlatform.h */ = {isa = PBXFileReference; fileEncoding = 4; lastKnownFileType = sourcecode.c.h; path = NCPlatform.h; sourceTree = "<group>"; };
		2CC147EE1AC4664000079172 /* NCPlatform.m */ = {isa = PBXFileReference; fileEncoding = 4; lastKnownFileType = sourcecode.c.objc; path = NCPlatform.m; sourceTree = "<group>"; };
		2CC147F61AC4670F00079172 /* NCCanvas.h */ = {isa = PBXFileReference; fileEncoding = 4; lastKnownFileType = sourcecode.c.h; path = NCCanvas.h; sourceTree = "<group>"; };
		2CC147F71AC4670F00079172 /* NCCanvas.m */ = {isa = PBXFileReference; fileEncoding = 4; lastKnownFileType = sourcecode.c.objc; path = NCCanvas.m; sourceTree = "<group>"; };
		2CC147FA1AC4670F00079172 /* NCBorderDecorator.h */ = {isa = PBXFileReference; fileEncoding = 4; lastKnownFileType = sourcecode.c.h; path = NCBorderDecorator.h; sourceTree = "<group>"; };
		2CC147FB1AC4670F00079172 /* NCBorderDecorator.m */ = {isa = PBXFileReference; fileEncoding = 4; lastKnownFileType = sourcecode.c.objc; path = NCBorderDecorator.m; sourceTree = "<group>"; };
		2CC147FC1AC4670F00079172 /* NCBorderDottedStrategy.h */ = {isa = PBXFileReference; fileEncoding = 4; lastKnownFileType = sourcecode.c.h; path = NCBorderDottedStrategy.h; sourceTree = "<group>"; };
		2CC147FD1AC4670F00079172 /* NCBorderDottedStrategy.m */ = {isa = PBXFileReference; fileEncoding = 4; lastKnownFileType = sourcecode.c.objc; path = NCBorderDottedStrategy.m; sourceTree = "<group>"; };
		2CC147FE1AC4670F00079172 /* NCBorderFilledStrategy.h */ = {isa = PBXFileReference; fileEncoding = 4; lastKnownFileType = sourcecode.c.h; path = NCBorderFilledStrategy.h; sourceTree = "<group>"; };
		2CC147FF1AC4670F00079172 /* NCBorderFilledStrategy.m */ = {isa = PBXFileReference; fileEncoding = 4; lastKnownFileType = sourcecode.c.objc; path = NCBorderFilledStrategy.m; sourceTree = "<group>"; };
		2CC148001AC4670F00079172 /* NCBorderStrategy.h */ = {isa = PBXFileReference; fileEncoding = 4; lastKnownFileType = sourcecode.c.h; path = NCBorderStrategy.h; sourceTree = "<group>"; };
		2CC148011AC4670F00079172 /* NCBorderStrategy.m */ = {isa = PBXFileReference; fileEncoding = 4; lastKnownFileType = sourcecode.c.objc; path = NCBorderStrategy.m; sourceTree = "<group>"; };
		2CC148021AC4670F00079172 /* NCDecorator.h */ = {isa = PBXFileReference; fileEncoding = 4; lastKnownFileType = sourcecode.c.h; path = NCDecorator.h; sourceTree = "<group>"; };
		2CC148031AC4670F00079172 /* NCDecorator.m */ = {isa = PBXFileReference; fileEncoding = 4; lastKnownFileType = sourcecode.c.objc; path = NCDecorator.m; sourceTree = "<group>"; };
		2CC148051AC4670F00079172 /* NCScrollBarSimpleStrategy.h */ = {isa = PBXFileReference; fileEncoding = 4; lastKnownFileType = sourcecode.c.h; path = NCScrollBarSimpleStrategy.h; sourceTree = "<group>"; };
		2CC148061AC4670F00079172 /* NCScrollBarSimpleStrategy.m */ = {isa = PBXFileReference; fileEncoding = 4; lastKnownFileType = sourcecode.c.objc; path = NCScrollBarSimpleStrategy.m; sourceTree = "<group>"; };
		2CC148071AC4670F00079172 /* NCScrollBarStrategy.h */ = {isa = PBXFileReference; fileEncoding = 4; lastKnownFileType = sourcecode.c.h; path = NCScrollBarStrategy.h; sourceTree = "<group>"; };
		2CC148081AC4670F00079172 /* NCScrollBarStrategy.m */ = {isa = PBXFileReference; fileEncoding = 4; lastKnownFileType = sourcecode.c.objc; path = NCScrollBarStrategy.m; sourceTree = "<group>"; };
		2CC148091AC4670F00079172 /* NCScrollDecorator.h */ = {isa = PBXFileReference; fileEncoding = 4; lastKnownFileType = sourcecode.c.h; path = NCScrollDecorator.h; sourceTree = "<group>"; };
		2CC1480A1AC4670F00079172 /* NCScrollDecorator.m */ = {isa = PBXFileReference; fileEncoding = 4; lastKnownFileType = sourcecode.c.objc; path = NCScrollDecorator.m; sourceTree = "<group>"; };
		2CC1480D1AC4670F00079172 /* NCText.h */ = {isa = PBXFileReference; fileEncoding = 4; lastKnownFileType = sourcecode.c.h; path = NCText.h; sourceTree = "<group>"; };
		2CC1480E1AC4670F00079172 /* NCText.m */ = {isa = PBXFileReference; fileEncoding = 4; lastKnownFileType = sourcecode.c.objc; path = NCText.m; sourceTree = "<group>"; };
		2CC1480F1AC4670F00079172 /* NCGraphic.h */ = {isa = PBXFileReference; fileEncoding = 4; lastKnownFileType = sourcecode.c.h; path = NCGraphic.h; sourceTree = "<group>"; };
		2CC148101AC4670F00079172 /* NCGraphic.m */ = {isa = PBXFileReference; fileEncoding = 4; lastKnownFileType = sourcecode.c.objc; path = NCGraphic.m; sourceTree = "<group>"; };
		2CC8840E1B201A0F00ADC465 /* NCursesFramework.h */ = {isa = PBXFileReference; lastKnownFileType = sourcecode.c.h; path = NCursesFramework.h; sourceTree = "<group>"; };
		2CD61B891A924CDA00ED0BF1 /* NCColor.h */ = {isa = PBXFileReference; fileEncoding = 4; lastKnownFileType = sourcecode.c.h; path = NCColor.h; sourceTree = "<group>"; };
		2CD61B8A1A924CDA00ED0BF1 /* NCColor.m */ = {isa = PBXFileReference; fileEncoding = 4; lastKnownFileType = sourcecode.c.objc; path = NCColor.m; sourceTree = "<group>"; };
		2CD61B8E1A924CDA00ED0BF1 /* NCKey.h */ = {isa = PBXFileReference; fileEncoding = 4; lastKnownFileType = sourcecode.c.h; path = NCKey.h; sourceTree = "<group>"; };
		2CD61B8F1A924CDA00ED0BF1 /* NCKey.m */ = {isa = PBXFileReference; fileEncoding = 4; lastKnownFileType = sourcecode.c.objc; path = NCKey.m; sourceTree = "<group>"; };
		2CD61B9A1A924CDA00ED0BF1 /* Logger.h */ = {isa = PBXFileReference; fileEncoding = 4; lastKnownFileType = sourcecode.c.h; path = Logger.h; sourceTree = "<group>"; };
		2CD61B9B1A924CDA00ED0BF1 /* Logger.m */ = {isa = PBXFileReference; fileEncoding = 4; lastKnownFileType = sourcecode.c.objc; path = Logger.m; sourceTree = "<group>"; };
/* End PBXFileReference section */

/* Begin PBXFrameworksBuildPhase section */
		2CB4BD811A76A60500E21116 /* Frameworks */ = {
			isa = PBXFrameworksBuildPhase;
			buildActionMask = 2147483647;
			files = (
			);
			runOnlyForDeploymentPostprocessing = 0;
		};
		2CB4BD8C1A76A60500E21116 /* Frameworks */ = {
			isa = PBXFrameworksBuildPhase;
			buildActionMask = 2147483647;
			files = (
				2CB4BD901A76A60500E21116 /* libNCursesFramework.dylib in Frameworks */,
			);
			runOnlyForDeploymentPostprocessing = 0;
		};
/* End PBXFrameworksBuildPhase section */

/* Begin PBXGroup section */
		2C1466A71AAF4E6900778FB6 /* String */ = {
			isa = PBXGroup;
			children = (
				2C1466A81AAF4E6900778FB6 /* NCString.h */,
				2C1466A91AAF4E6900778FB6 /* NCString.mm */,
				2C2B3A0C1B16201500A7F48B /* NCMutableString.h */,
				2C2B3A0D1B16201500A7F48B /* NCMutableString.mm */,
				2C2B3A101B1620C100A7F48B /* NCString_Protected.hh */,
			);
			path = String;
			sourceTree = "<group>";
		};
		2C1466B81AAF539900778FB6 /* Matrix */ = {
			isa = PBXGroup;
			children = (
				2C1466B91AAF53B000778FB6 /* NCMatrix.h */,
				2C1466BA1AAF53B000778FB6 /* NCMatrix.m */,
			);
			path = Matrix;
			sourceTree = "<group>";
		};
		2C392C2F1B1584BA00E6B2ED /* TextEdit */ = {
			isa = PBXGroup;
			children = (
				2C392C301B1584D200E6B2ED /* NCTextEdit.h */,
				2C392C311B1584D200E6B2ED /* NCTextEdit.m */,
			);
			path = TextEdit;
			sourceTree = "<group>";
		};
		2C392C351B158AA200E6B2ED /* LinearLayout */ = {
			isa = PBXGroup;
			children = (
				2C392C361B158AA200E6B2ED /* NCLinearLayout.h */,
				2C392C371B158AA200E6B2ED /* NCLinearLayout.m */,
			);
			path = LinearLayout;
			sourceTree = "<group>";
		};
		2C392C381B158AA200E6B2ED /* RelativeLayout */ = {
			isa = PBXGroup;
			children = (
				2C392C3B1B158AB100E6B2ED /* NCRelativeLayout.h */,
				2C392C3C1B158AB100E6B2ED /* NCRelativeLayout.m */,
			);
			path = RelativeLayout;
			sourceTree = "<group>";
		};
		2C3BB61A1B1378F900BEEB5B /* Spacer */ = {
			isa = PBXGroup;
			children = (
				2C3BB61B1B13790C00BEEB5B /* NCSpacer.h */,
				2C3BB61C1B13790C00BEEB5B /* NCSpacer.m */,
			);
			path = Spacer;
			sourceTree = "<group>";
		};
		2C5228021B20A53500360C36 /* Libs */ = {
			isa = PBXGroup;
			children = (
				2C52281A1B20B0B100360C36 /* MTColorDistance */,
				2C5228031B20A53500360C36 /* BKAsciiImage */,
			);
			path = Libs;
			sourceTree = "<group>";
		};
		2C5228031B20A53500360C36 /* BKAsciiImage */ = {
			isa = PBXGroup;
			children = (
				2C5228041B20A53500360C36 /* BKAsciiConverter.h */,
				2C5228051B20A53500360C36 /* BKAsciiConverter.m */,
				2C5228061B20A53500360C36 /* BKAsciiConverter_Internal.h */,
				2C5228071B20A53500360C36 /* BKAsciiConverter_Internal.m */,
				2C5228081B20A53500360C36 /* BKAsciiDefinition.h */,
				2C5228091B20A53500360C36 /* BKAsciiDefinition.m */,
				2C52280A1B20A53500360C36 /* UIKit */,
			);
			path = BKAsciiImage;
			sourceTree = "<group>";
		};
		2C52280A1B20A53500360C36 /* UIKit */ = {
			isa = PBXGroup;
			children = (
				2C52280B1B20A53500360C36 /* NSImage+BKAscii.h */,
				2C52280C1B20A53500360C36 /* NSImage+BKAscii.m */,
			);
			path = UIKit;
			sourceTree = "<group>";
		};
		2C5228151B20AA7900360C36 /* Image */ = {
			isa = PBXGroup;
			children = (
				2C5228161B20AA9100360C36 /* NCImage.h */,
				2C5228171B20AA9100360C36 /* NCImage.mm */,
			);
			path = Image;
			sourceTree = "<group>";
		};
		2C52281A1B20B0B100360C36 /* MTColorDistance */ = {
			isa = PBXGroup;
			children = (
				2C52281B1B20B0B100360C36 /* NSColor+Distance.h */,
				2C52281C1B20B0B100360C36 /* NSColor+Distance.m */,
			);
			path = MTColorDistance;
			sourceTree = "<group>";
		};
		2C54A09F1B0E337F00F81144 /* LayoutParser */ = {
			isa = PBXGroup;
			children = (
				2C54A0A01B0E337F00F81144 /* NCLayoutParser.h */,
				2C54A0A11B0E337F00F81144 /* NCLayoutParser.m */,
				2C54A0A21B0E337F00F81144 /* XMLLayoutParser */,
			);
			path = LayoutParser;
			sourceTree = "<group>";
		};
		2C54A0A21B0E337F00F81144 /* XMLLayoutParser */ = {
			isa = PBXGroup;
			children = (
				2C54A0A31B0E337F00F81144 /* NCXMLLayoutParser.h */,
				2C54A0A41B0E337F00F81144 /* NCXMLLayoutParser.m */,
			);
			path = XMLLayoutParser;
			sourceTree = "<group>";
		};
		2C54A0A91B0E35B400F81144 /* LayoutInflator */ = {
			isa = PBXGroup;
			children = (
				2C54A0AA1B0E35C900F81144 /* NCLayoutInflator.h */,
				2C54A0AB1B0E35C900F81144 /* NCLayoutInflator.m */,
			);
			path = LayoutInflator;
			sourceTree = "<group>";
		};
		2C54A0AF1B0E653C00F81144 /* Evaluate */ = {
			isa = PBXGroup;
			children = (
				2C54A0B01B0E654D00F81144 /* NCEvaluate.h */,
				2C54A0B11B0E654D00F81144 /* NCEvaluate.m */,
				2C560C481B0EF28900112EBB /* NCExpression.h */,
				2C560C491B0EF28900112EBB /* NCExpression.m */,
				2C54A0C81B0E6D3C00F81144 /* NCSource.h */,
				2C54A0C91B0E6D3C00F81144 /* NCSource.m */,
				2C54A0B41B0E684B00F81144 /* NCTokenizer.h */,
				2C54A0B51B0E684B00F81144 /* NCTokenizer.m */,
				2C54A0B81B0E689700F81144 /* NCToken.h */,
				2C54A0B91B0E689700F81144 /* NCToken.m */,
				2C54A0BC1B0E68AE00F81144 /* NCSignToken.h */,
				2C54A0BD1B0E68AE00F81144 /* NCSignToken.m */,
				2C54A0C01B0E68BF00F81144 /* NCNumberToken.h */,
				2C54A0C11B0E68BF00F81144 /* NCNumberToken.m */,
				2C54A0C41B0E68CF00F81144 /* NCWordToken.h */,
				2C54A0C51B0E68CF00F81144 /* NCWordToken.m */,
			);
			path = Evaluate;
			sourceTree = "<group>";
		};
		2CB4BD7B1A76A60500E21116 = {
			isa = PBXGroup;
			children = (
				2CD61B6F1A924CDA00ED0BF1 /* Classes */,
				2CB4BD931A76A60500E21116 /* NCursesFTests */,
				2CB4BD851A76A60500E21116 /* Products */,
			);
			sourceTree = "<group>";
		};
		2CB4BD851A76A60500E21116 /* Products */ = {
			isa = PBXGroup;
			children = (
				2CB4BD841A76A60500E21116 /* libNCursesFramework.dylib */,
				2CB4BD8F1A76A60500E21116 /* NCursesFrameworkTests.xctest */,
			);
			name = Products;
			sourceTree = "<group>";
		};
		2CB4BD931A76A60500E21116 /* NCursesFTests */ = {
			isa = PBXGroup;
			children = (
				2CB4BD941A76A60500E21116 /* Supporting Files */,
			);
			path = NCursesFTests;
			sourceTree = "<group>";
		};
		2CB4BD941A76A60500E21116 /* Supporting Files */ = {
			isa = PBXGroup;
			children = (
				2CB4BD951A76A60500E21116 /* Info.plist */,
			);
			name = "Supporting Files";
			sourceTree = "<group>";
		};
		2CC147EA1AC4664000079172 /* Platform */ = {
			isa = PBXGroup;
			children = (
				2CC147EB1AC4664000079172 /* NCCursesPlatform.h */,
				2CC147EC1AC4664000079172 /* NCCursesPlatform.m */,
				2C0D3C571B0C49BD000DB255 /* NCDummyPlatform.h */,
				2C0D3C581B0C49BD000DB255 /* NCDummyPlatform.m */,
				2CC147ED1AC4664000079172 /* NCPlatform.h */,
				2CC147EE1AC4664000079172 /* NCPlatform.m */,
			);
			path = Platform;
			sourceTree = "<group>";
		};
		2CC147F31AC4670F00079172 /* GUI */ = {
			isa = PBXGroup;
			children = (
				2CC147F41AC4670F00079172 /* Graphics */,
			);
			path = GUI;
			sourceTree = "<group>";
		};
		2CC147F41AC4670F00079172 /* Graphics */ = {
			isa = PBXGroup;
			children = (
				2CC147F51AC4670F00079172 /* Canvas */,
				2CC147F81AC4670F00079172 /* Decorator */,
				2CC1480B1AC4670F00079172 /* Leaf */,
				2CC1480F1AC4670F00079172 /* NCGraphic.h */,
				2CC148101AC4670F00079172 /* NCGraphic.m */,
				2C52A45D1B0F869C002AA4EE /* NCGraphic+Bounds.h */,
				2C52A45E1B0F869C002AA4EE /* NCGraphic+Bounds.m */,
			);
			path = Graphics;
			sourceTree = "<group>";
		};
		2CC147F51AC4670F00079172 /* Canvas */ = {
			isa = PBXGroup;
			children = (
				2C392C351B158AA200E6B2ED /* LinearLayout */,
				2C392C381B158AA200E6B2ED /* RelativeLayout */,
				2CC147F61AC4670F00079172 /* NCCanvas.h */,
				2CC147F71AC4670F00079172 /* NCCanvas.m */,
			);
			path = Canvas;
			sourceTree = "<group>";
		};
		2CC147F81AC4670F00079172 /* Decorator */ = {
			isa = PBXGroup;
			children = (
				2CC147F91AC4670F00079172 /* Border */,
				2CC148021AC4670F00079172 /* NCDecorator.h */,
				2CC148031AC4670F00079172 /* NCDecorator.m */,
				2CC148041AC4670F00079172 /* Scroll */,
			);
			path = Decorator;
			sourceTree = "<group>";
		};
		2CC147F91AC4670F00079172 /* Border */ = {
			isa = PBXGroup;
			children = (
				2CC147FA1AC4670F00079172 /* NCBorderDecorator.h */,
				2CC147FB1AC4670F00079172 /* NCBorderDecorator.m */,
				2CC147FC1AC4670F00079172 /* NCBorderDottedStrategy.h */,
				2CC147FD1AC4670F00079172 /* NCBorderDottedStrategy.m */,
				2CC147FE1AC4670F00079172 /* NCBorderFilledStrategy.h */,
				2CC147FF1AC4670F00079172 /* NCBorderFilledStrategy.m */,
				2CC148001AC4670F00079172 /* NCBorderStrategy.h */,
				2CC148011AC4670F00079172 /* NCBorderStrategy.m */,
			);
			path = Border;
			sourceTree = "<group>";
		};
		2CC148041AC4670F00079172 /* Scroll */ = {
			isa = PBXGroup;
			children = (
				2CC148051AC4670F00079172 /* NCScrollBarSimpleStrategy.h */,
				2CC148061AC4670F00079172 /* NCScrollBarSimpleStrategy.m */,
				2CC148071AC4670F00079172 /* NCScrollBarStrategy.h */,
				2CC148081AC4670F00079172 /* NCScrollBarStrategy.m */,
				2CC148091AC4670F00079172 /* NCScrollDecorator.h */,
				2CC1480A1AC4670F00079172 /* NCScrollDecorator.m */,
			);
			path = Scroll;
			sourceTree = "<group>";
		};
		2CC1480B1AC4670F00079172 /* Leaf */ = {
			isa = PBXGroup;
			children = (
				2C5228151B20AA7900360C36 /* Image */,
				2C3BB61A1B1378F900BEEB5B /* Spacer */,
				2C392C2F1B1584BA00E6B2ED /* TextEdit */,
				2CC1480C1AC4670F00079172 /* Text */,
			);
			path = Leaf;
			sourceTree = "<group>";
		};
		2CC1480C1AC4670F00079172 /* Text */ = {
			isa = PBXGroup;
			children = (
				2CC1480D1AC4670F00079172 /* NCText.h */,
				2CC1480E1AC4670F00079172 /* NCText.m */,
				2C2B3A121B16235E00A7F48B /* NCText_Protected.h */,
			);
			path = Text;
			sourceTree = "<group>";
		};
		2CD61B6F1A924CDA00ED0BF1 /* Classes */ = {
			isa = PBXGroup;
			children = (
				2C5228021B20A53500360C36 /* Libs */,
				2CC147F31AC4670F00079172 /* GUI */,
				2CD61B871A924CDA00ED0BF1 /* IO */,
				2CD61B981A924CDA00ED0BF1 /* Utils */,
				2CC8840E1B201A0F00ADC465 /* NCursesFramework.h */,
			);
			path = Classes;
			sourceTree = "<group>";
		};
		2CD61B871A924CDA00ED0BF1 /* IO */ = {
			isa = PBXGroup;
			children = (
				2C54A0AF1B0E653C00F81144 /* Evaluate */,
				2C54A0A91B0E35B400F81144 /* LayoutInflator */,
				2C54A09F1B0E337F00F81144 /* LayoutParser */,
				2CC147EA1AC4664000079172 /* Platform */,
				2C1466B81AAF539900778FB6 /* Matrix */,
				2C1466A71AAF4E6900778FB6 /* String */,
				2CD61B881A924CDA00ED0BF1 /* Color */,
				2CD61B8D1A924CDA00ED0BF1 /* Key */,
				2CD61B901A924CDA00ED0BF1 /* Rendering */,
			);
			path = IO;
			sourceTree = "<group>";
		};
		2CD61B881A924CDA00ED0BF1 /* Color */ = {
			isa = PBXGroup;
			children = (
				2CD61B891A924CDA00ED0BF1 /* NCColor.h */,
				2CD61B8A1A924CDA00ED0BF1 /* NCColor.m */,
			);
			path = Color;
			sourceTree = "<group>";
		};
		2CD61B8D1A924CDA00ED0BF1 /* Key */ = {
			isa = PBXGroup;
			children = (
				2CD61B8E1A924CDA00ED0BF1 /* NCKey.h */,
				2CD61B8F1A924CDA00ED0BF1 /* NCKey.m */,
			);
			path = Key;
			sourceTree = "<group>";
		};
		2CD61B901A924CDA00ED0BF1 /* Rendering */ = {
			isa = PBXGroup;
			children = (
				2C1466B21AAF513800778FB6 /* NCRendition.h */,
				2C1466B31AAF513800778FB6 /* NCRendition.m */,
				2CB180B81AB1F68000731445 /* NCCursesRendition.h */,
				2CB180B91AB1F68000731445 /* NCCursesRendition.m */,
				2C0D3C5B1B0C4B03000DB255 /* NCDummyRendition.h */,
				2C0D3C5C1B0C4B03000DB255 /* NCDummyRendition.m */,
			);
			path = Rendering;
			sourceTree = "<group>";
		};
		2CD61B981A924CDA00ED0BF1 /* Utils */ = {
			isa = PBXGroup;
			children = (
				2CD61B991A924CDA00ED0BF1 /* Logger */,
			);
			path = Utils;
			sourceTree = "<group>";
		};
		2CD61B991A924CDA00ED0BF1 /* Logger */ = {
			isa = PBXGroup;
			children = (
				2CD61B9A1A924CDA00ED0BF1 /* Logger.h */,
				2CD61B9B1A924CDA00ED0BF1 /* Logger.m */,
			);
			path = Logger;
			sourceTree = "<group>";
		};
/* End PBXGroup section */

/* Begin PBXHeadersBuildPhase section */
		2CB4BD821A76A60500E21116 /* Headers */ = {
			isa = PBXHeadersBuildPhase;
			buildActionMask = 2147483647;
			files = (
				2C1466B01AAF4E6900778FB6 /* NCString.h in Headers */,
				2CC148251AC4670F00079172 /* NCGraphic.h in Headers */,
				2C5228111B20A53500360C36 /* BKAsciiDefinition.h in Headers */,
				2C52A45F1B0F869C002AA4EE /* NCGraphic+Bounds.h in Headers */,
				2CC148151AC4670F00079172 /* NCBorderDottedStrategy.h in Headers */,
				2CC147F11AC4664000079172 /* NCPlatform.h in Headers */,
				2CC148171AC4670F00079172 /* NCBorderFilledStrategy.h in Headers */,
				2CC148111AC4670F00079172 /* NCCanvas.h in Headers */,
				2CC148231AC4670F00079172 /* NCText.h in Headers */,
				2CC148211AC4670F00079172 /* NCScrollDecorator.h in Headers */,
				2CC147EF1AC4664000079172 /* NCCursesPlatform.h in Headers */,
				2C5228131B20A53500360C36 /* NSImage+BKAscii.h in Headers */,
				2C54A0CA1B0E6D3C00F81144 /* NCSource.h in Headers */,
				2CC148131AC4670F00079172 /* NCBorderDecorator.h in Headers */,
				2C52281D1B20B0B100360C36 /* NSColor+Distance.h in Headers */,
				2CC1481B1AC4670F00079172 /* NCDecorator.h in Headers */,
				2CC148191AC4670F00079172 /* NCBorderStrategy.h in Headers */,
				2C54A0BE1B0E68AE00F81144 /* NCSignToken.h in Headers */,
				2CC1481F1AC4670F00079172 /* NCScrollBarStrategy.h in Headers */,
				2C54A0C21B0E68BF00F81144 /* NCNumberToken.h in Headers */,
				2C2B3A131B16235E00A7F48B /* NCText_Protected.h in Headers */,
				2CC1481D1AC4670F00079172 /* NCScrollBarSimpleStrategy.h in Headers */,
				2C2B3A111B1620C100A7F48B /* NCString_Protected.hh in Headers */,
				2CB180BA1AB1F68000731445 /* NCCursesRendition.h in Headers */,
				2C54A0C61B0E68CF00F81144 /* NCWordToken.h in Headers */,
				2C392C3D1B158AB100E6B2ED /* NCRelativeLayout.h in Headers */,
				2C392C321B1584D200E6B2ED /* NCTextEdit.h in Headers */,
				2C5228181B20AA9100360C36 /* NCImage.h in Headers */,
				2C392C391B158AA200E6B2ED /* NCLinearLayout.h in Headers */,
				2CD61BB11A924CDA00ED0BF1 /* NCKey.h in Headers */,
				2C3BB61D1B13790C00BEEB5B /* NCSpacer.h in Headers */,
				2CC884101B201B2100ADC465 /* NCursesFramework.h in Headers */,
				2C2B3A0E1B16201500A7F48B /* NCMutableString.h in Headers */,
				2C54A0BA1B0E689700F81144 /* NCToken.h in Headers */,
				2C54A0B61B0E684B00F81144 /* NCTokenizer.h in Headers */,
				2C54A0B21B0E654D00F81144 /* NCEvaluate.h in Headers */,
				2C1466B41AAF513800778FB6 /* NCRendition.h in Headers */,
				2C54A0AC1B0E35C900F81144 /* NCLayoutInflator.h in Headers */,
				2C54A0A51B0E337F00F81144 /* NCLayoutParser.h in Headers */,
				2C54A0A71B0E337F00F81144 /* NCXMLLayoutParser.h in Headers */,
				2C1466BB1AAF53B000778FB6 /* NCMatrix.h in Headers */,
				2C0D3C591B0C49BD000DB255 /* NCDummyPlatform.h in Headers */,
				2C0D3C5D1B0C4B03000DB255 /* NCDummyRendition.h in Headers */,
				2C560C4A1B0EF28900112EBB /* NCExpression.h in Headers */,
				2C52280D1B20A53500360C36 /* BKAsciiConverter.h in Headers */,
				2CD61BAD1A924CDA00ED0BF1 /* NCColor.h in Headers */,
				2CD61BB91A924CDA00ED0BF1 /* Logger.h in Headers */,
				2C52280F1B20A53500360C36 /* BKAsciiConverter_Internal.h in Headers */,
			);
			runOnlyForDeploymentPostprocessing = 0;
		};
/* End PBXHeadersBuildPhase section */

/* Begin PBXNativeTarget section */
		2CB4BD831A76A60500E21116 /* NCursesFramework */ = {
			isa = PBXNativeTarget;
			buildConfigurationList = 2CB4BD981A76A60500E21116 /* Build configuration list for PBXNativeTarget "NCursesFramework" */;
			buildPhases = (
				2CB4BD801A76A60500E21116 /* Sources */,
				2CB4BD811A76A60500E21116 /* Frameworks */,
				2CB4BD821A76A60500E21116 /* Headers */,
				2CB4BDBF1A76A6E200E21116 /* CopyFiles */,
			);
			buildRules = (
			);
			dependencies = (
			);
			name = NCursesFramework;
			productName = NCursesF;
			productReference = 2CB4BD841A76A60500E21116 /* libNCursesFramework.dylib */;
			productType = "com.apple.product-type.library.dynamic";
		};
		2CB4BD8E1A76A60500E21116 /* NCursesFrameworkTests */ = {
			isa = PBXNativeTarget;
			buildConfigurationList = 2CB4BD9B1A76A60500E21116 /* Build configuration list for PBXNativeTarget "NCursesFrameworkTests" */;
			buildPhases = (
				2CB4BD8B1A76A60500E21116 /* Sources */,
				2CB4BD8C1A76A60500E21116 /* Frameworks */,
				2CB4BD8D1A76A60500E21116 /* Resources */,
			);
			buildRules = (
			);
			dependencies = (
				2CB4BD921A76A60500E21116 /* PBXTargetDependency */,
			);
			name = NCursesFrameworkTests;
			productName = NCursesFTests;
			productReference = 2CB4BD8F1A76A60500E21116 /* NCursesFrameworkTests.xctest */;
			productType = "com.apple.product-type.bundle.unit-test";
		};
/* End PBXNativeTarget section */

/* Begin PBXProject section */
		2CB4BD7C1A76A60500E21116 /* Project object */ = {
			isa = PBXProject;
			attributes = {
				LastUpgradeCheck = 0630;
				ORGANIZATIONNAME = ChristerUL;
				TargetAttributes = {
					2CB4BD831A76A60500E21116 = {
						CreatedOnToolsVersion = 6.1.1;
					};
					2CB4BD8E1A76A60500E21116 = {
						CreatedOnToolsVersion = 6.1.1;
					};
				};
			};
			buildConfigurationList = 2CB4BD7F1A76A60500E21116 /* Build configuration list for PBXProject "NCursesFramework" */;
			compatibilityVersion = "Xcode 3.2";
			developmentRegion = English;
			hasScannedForEncodings = 0;
			knownRegions = (
				en,
			);
			mainGroup = 2CB4BD7B1A76A60500E21116;
			productRefGroup = 2CB4BD851A76A60500E21116 /* Products */;
			projectDirPath = "";
			projectRoot = "";
			targets = (
				2CB4BD831A76A60500E21116 /* NCursesFramework */,
				2CB4BD8E1A76A60500E21116 /* NCursesFrameworkTests */,
			);
		};
/* End PBXProject section */

/* Begin PBXResourcesBuildPhase section */
		2CB4BD8D1A76A60500E21116 /* Resources */ = {
			isa = PBXResourcesBuildPhase;
			buildActionMask = 2147483647;
			files = (
			);
			runOnlyForDeploymentPostprocessing = 0;
		};
/* End PBXResourcesBuildPhase section */

/* Begin PBXSourcesBuildPhase section */
		2CB4BD801A76A60500E21116 /* Sources */ = {
			isa = PBXSourcesBuildPhase;
			buildActionMask = 2147483647;
			files = (
				2C68829E1B1E04E5005FC461 /* NCTextEdit.m in Sources */,
				2C54A0B31B0E654D00F81144 /* NCEvaluate.m in Sources */,
				2CD61BBA1A924CDA00ED0BF1 /* Logger.m in Sources */,
				2C52280E1B20A53500360C36 /* BKAsciiConverter.m in Sources */,
				2C1466BC1AAF53B000778FB6 /* NCMatrix.m in Sources */,
				2CD61BAE1A924CDA00ED0BF1 /* NCColor.m in Sources */,
				2CC1481A1AC4670F00079172 /* NCBorderStrategy.m in Sources */,
				2C54A0A61B0E337F00F81144 /* NCLayoutParser.m in Sources */,
				2C3BB61E1B13790C00BEEB5B /* NCSpacer.m in Sources */,
				2CC147F01AC4664000079172 /* NCCursesPlatform.m in Sources */,
				2C1466B11AAF4E6900778FB6 /* NCString.mm in Sources */,
				2C54A0C71B0E68CF00F81144 /* NCWordToken.m in Sources */,
				2C5228141B20A53500360C36 /* NSImage+BKAscii.m in Sources */,
				2CC148121AC4670F00079172 /* NCCanvas.m in Sources */,
				2CD61BB21A924CDA00ED0BF1 /* NCKey.m in Sources */,
				2C5228101B20A53500360C36 /* BKAsciiConverter_Internal.m in Sources */,
				2C54A0AD1B0E35C900F81144 /* NCLayoutInflator.m in Sources */,
				2C54A0BF1B0E68AE00F81144 /* NCSignToken.m in Sources */,
				2C5228121B20A53500360C36 /* BKAsciiDefinition.m in Sources */,
				2C392C3E1B158AB100E6B2ED /* NCRelativeLayout.m in Sources */,
				2CC148181AC4670F00079172 /* NCBorderFilledStrategy.m in Sources */,
				2C54A0B71B0E684B00F81144 /* NCTokenizer.m in Sources */,
				2C0D3C5E1B0C4B03000DB255 /* NCDummyRendition.m in Sources */,
				2C54A0C31B0E68BF00F81144 /* NCNumberToken.m in Sources */,
				2CC148241AC4670F00079172 /* NCText.m in Sources */,
				2CC147F21AC4664000079172 /* NCPlatform.m in Sources */,
				2CC148201AC4670F00079172 /* NCScrollBarStrategy.m in Sources */,
				2C2B3A0F1B16201500A7F48B /* NCMutableString.mm in Sources */,
				2CC1481E1AC4670F00079172 /* NCScrollBarSimpleStrategy.m in Sources */,
				2CC148141AC4670F00079172 /* NCBorderDecorator.m in Sources */,
				2CC148221AC4670F00079172 /* NCScrollDecorator.m in Sources */,
				2C54A0BB1B0E689700F81144 /* NCToken.m in Sources */,
				2C5228191B20AA9100360C36 /* NCImage.mm in Sources */,
				2C52281E1B20B0B100360C36 /* NSColor+Distance.m in Sources */,
				2C54A0A81B0E337F00F81144 /* NCXMLLayoutParser.m in Sources */,
				2CC148161AC4670F00079172 /* NCBorderDottedStrategy.m in Sources */,
				2CC1481C1AC4670F00079172 /* NCDecorator.m in Sources */,
				2C392C3A1B158AA200E6B2ED /* NCLinearLayout.m in Sources */,
				2C560C4B1B0EF28900112EBB /* NCExpression.m in Sources */,
				2C1466B51AAF513800778FB6 /* NCRendition.m in Sources */,
				2C52A4601B0F869C002AA4EE /* NCGraphic+Bounds.m in Sources */,
				2CC148261AC4670F00079172 /* NCGraphic.m in Sources */,
				2C54A0CB1B0E6D3C00F81144 /* NCSource.m in Sources */,
				2C0D3C5A1B0C49BD000DB255 /* NCDummyPlatform.m in Sources */,
				2CB180BB1AB1F68000731445 /* NCCursesRendition.m in Sources */,
			);
			runOnlyForDeploymentPostprocessing = 0;
		};
		2CB4BD8B1A76A60500E21116 /* Sources */ = {
			isa = PBXSourcesBuildPhase;
			buildActionMask = 2147483647;
			files = (
			);
			runOnlyForDeploymentPostprocessing = 0;
		};
/* End PBXSourcesBuildPhase section */

/* Begin PBXTargetDependency section */
		2CB4BD921A76A60500E21116 /* PBXTargetDependency */ = {
			isa = PBXTargetDependency;
			target = 2CB4BD831A76A60500E21116 /* NCursesFramework */;
			targetProxy = 2CB4BD911A76A60500E21116 /* PBXContainerItemProxy */;
		};
/* End PBXTargetDependency section */

/* Begin XCBuildConfiguration section */
		2CB4BD961A76A60500E21116 /* Debug */ = {
			isa = XCBuildConfiguration;
			buildSettings = {
				ALWAYS_SEARCH_USER_PATHS = NO;
				CLANG_CXX_LANGUAGE_STANDARD = "gnu++0x";
				CLANG_CXX_LIBRARY = "libc++";
				CLANG_ENABLE_MODULES = YES;
				CLANG_ENABLE_OBJC_ARC = YES;
				CLANG_WARN_BOOL_CONVERSION = YES;
				CLANG_WARN_CONSTANT_CONVERSION = YES;
				CLANG_WARN_DIRECT_OBJC_ISA_USAGE = YES_ERROR;
				CLANG_WARN_EMPTY_BODY = YES;
				CLANG_WARN_ENUM_CONVERSION = YES;
				CLANG_WARN_INT_CONVERSION = YES;
				CLANG_WARN_OBJC_ROOT_CLASS = YES_ERROR;
				CLANG_WARN_UNREACHABLE_CODE = YES;
				CLANG_WARN__DUPLICATE_METHOD_MATCH = YES;
				COPY_PHASE_STRIP = NO;
				ENABLE_STRICT_OBJC_MSGSEND = YES;
				GCC_C_LANGUAGE_STANDARD = gnu99;
				GCC_DYNAMIC_NO_PIC = NO;
				GCC_OPTIMIZATION_LEVEL = 0;
				GCC_PREPROCESSOR_DEFINITIONS = (
					"DEBUG=1",
					"$(inherited)",
				);
				GCC_SYMBOLS_PRIVATE_EXTERN = NO;
				GCC_WARN_64_TO_32_BIT_CONVERSION = YES;
				GCC_WARN_ABOUT_RETURN_TYPE = YES_ERROR;
				GCC_WARN_UNDECLARED_SELECTOR = YES;
				GCC_WARN_UNINITIALIZED_AUTOS = YES_AGGRESSIVE;
				GCC_WARN_UNUSED_FUNCTION = YES;
				GCC_WARN_UNUSED_VARIABLE = YES;
				MACOSX_DEPLOYMENT_TARGET = 10.10;
				MTL_ENABLE_DEBUG_INFO = YES;
				ONLY_ACTIVE_ARCH = YES;
				SDKROOT = macosx;
			};
			name = Debug;
		};
		2CB4BD971A76A60500E21116 /* Release */ = {
			isa = XCBuildConfiguration;
			buildSettings = {
				ALWAYS_SEARCH_USER_PATHS = NO;
				CLANG_CXX_LANGUAGE_STANDARD = "gnu++0x";
				CLANG_CXX_LIBRARY = "libc++";
				CLANG_ENABLE_MODULES = YES;
				CLANG_ENABLE_OBJC_ARC = YES;
				CLANG_WARN_BOOL_CONVERSION = YES;
				CLANG_WARN_CONSTANT_CONVERSION = YES;
				CLANG_WARN_DIRECT_OBJC_ISA_USAGE = YES_ERROR;
				CLANG_WARN_EMPTY_BODY = YES;
				CLANG_WARN_ENUM_CONVERSION = YES;
				CLANG_WARN_INT_CONVERSION = YES;
				CLANG_WARN_OBJC_ROOT_CLASS = YES_ERROR;
				CLANG_WARN_UNREACHABLE_CODE = YES;
				CLANG_WARN__DUPLICATE_METHOD_MATCH = YES;
				COPY_PHASE_STRIP = YES;
				DEBUG_INFORMATION_FORMAT = "dwarf-with-dsym";
				ENABLE_NS_ASSERTIONS = NO;
				ENABLE_STRICT_OBJC_MSGSEND = YES;
				GCC_C_LANGUAGE_STANDARD = gnu99;
				GCC_WARN_64_TO_32_BIT_CONVERSION = YES;
				GCC_WARN_ABOUT_RETURN_TYPE = YES_ERROR;
				GCC_WARN_UNDECLARED_SELECTOR = YES;
				GCC_WARN_UNINITIALIZED_AUTOS = YES_AGGRESSIVE;
				GCC_WARN_UNUSED_FUNCTION = YES;
				GCC_WARN_UNUSED_VARIABLE = YES;
				MACOSX_DEPLOYMENT_TARGET = 10.10;
				MTL_ENABLE_DEBUG_INFO = NO;
				SDKROOT = macosx;
			};
			name = Release;
		};
		2CB4BD991A76A60500E21116 /* Debug */ = {
			isa = XCBuildConfiguration;
			buildSettings = {
				COMBINE_HIDPI_IMAGES = YES;
				DYLIB_COMPATIBILITY_VERSION = 1;
				DYLIB_CURRENT_VERSION = 1;
				EXECUTABLE_PREFIX = lib;
				INSTALL_PATH = "@executable_path/";
				OTHER_LDFLAGS = "-lncurses";
				PRODUCT_NAME = NCursesFramework;
			};
			name = Debug;
		};
		2CB4BD9A1A76A60500E21116 /* Release */ = {
			isa = XCBuildConfiguration;
			buildSettings = {
				COMBINE_HIDPI_IMAGES = YES;
				DYLIB_COMPATIBILITY_VERSION = 1;
				DYLIB_CURRENT_VERSION = 1;
				EXECUTABLE_PREFIX = lib;
				INSTALL_PATH = "@executable_path/";
				OTHER_LDFLAGS = "-lncurses";
				PRODUCT_NAME = NCursesFramework;
			};
			name = Release;
		};
		2CB4BD9C1A76A60500E21116 /* Debug */ = {
			isa = XCBuildConfiguration;
			buildSettings = {
				COMBINE_HIDPI_IMAGES = YES;
				FRAMEWORK_SEARCH_PATHS = (
					"$(DEVELOPER_FRAMEWORKS_DIR)",
					"$(inherited)",
				);
				GCC_PREPROCESSOR_DEFINITIONS = (
					"DEBUG=1",
					"$(inherited)",
				);
				INFOPLIST_FILE = NCursesFTests/Info.plist;
				LD_RUNPATH_SEARCH_PATHS = "$(inherited) @executable_path/../Frameworks @loader_path/../Frameworks";
				PRODUCT_NAME = NCursesFrameworkTests;
			};
			name = Debug;
		};
		2CB4BD9D1A76A60500E21116 /* Release */ = {
			isa = XCBuildConfiguration;
			buildSettings = {
				COMBINE_HIDPI_IMAGES = YES;
				FRAMEWORK_SEARCH_PATHS = (
					"$(DEVELOPER_FRAMEWORKS_DIR)",
					"$(inherited)",
				);
				INFOPLIST_FILE = NCursesFTests/Info.plist;
				LD_RUNPATH_SEARCH_PATHS = "$(inherited) @executable_path/../Frameworks @loader_path/../Frameworks";
				PRODUCT_NAME = NCursesFrameworkTests;
			};
			name = Release;
		};
/* End XCBuildConfiguration section */

/* Begin XCConfigurationList section */
		2CB4BD7F1A76A60500E21116 /* Build configuration list for PBXProject "NCursesFramework" */ = {
			isa = XCConfigurationList;
			buildConfigurations = (
				2CB4BD961A76A60500E21116 /* Debug */,
				2CB4BD971A76A60500E21116 /* Release */,
			);
			defaultConfigurationIsVisible = 0;
			defaultConfigurationName = Release;
		};
		2CB4BD981A76A60500E21116 /* Build configuration list for PBXNativeTarget "NCursesFramework" */ = {
			isa = XCConfigurationList;
			buildConfigurations = (
				2CB4BD991A76A60500E21116 /* Debug */,
				2CB4BD9A1A76A60500E21116 /* Release */,
			);
			defaultConfigurationIsVisible = 0;
			defaultConfigurationName = Release;
		};
		2CB4BD9B1A76A60500E21116 /* Build configuration list for PBXNativeTarget "NCursesFrameworkTests" */ = {
			isa = XCConfigurationList;
			buildConfigurations = (
				2CB4BD9C1A76A60500E21116 /* Debug */,
				2CB4BD9D1A76A60500E21116 /* Release */,
			);
			defaultConfigurationIsVisible = 0;
			defaultConfigurationName = Release;
		};
/* End XCConfigurationList section */
	};
	rootObject = 2CB4BD7C1A76A60500E21116 /* Project object */;
}
